
Microsoft Visual Studio Solution File, Format Version 12.00
# Visual Studio Version 17
VisualStudioVersion = 17.2.32630.192
MinimumVisualStudioVersion = 10.0.40219.1
Project("{FAE04EC0-301F-11D3-BF4B-00C04F79EFBC}") = "TestiniumProject", "TestiniumProject\TestiniumProject.csproj", "{2524A100-8A81-4C84-A046-816E71126A2F}"
EndProject
Global
	GlobalSection(SolutionConfigurationPlatforms) = preSolution
		Debug|Any CPU = Debug|Any CPU
		Release|Any CPU = Release|Any CPU
	EndGlobalSection
	GlobalSection(ProjectConfigurationPlatforms) = postSolution
		{2524A100-8A81-4C84-A046-816E71126A2F}.Debug|Any CPU.ActiveCfg = Debug|Any CPU
		{2524A100-8A81-4C84-A046-816E71126A2F}.Debug|Any CPU.Build.0 = Debug|Any CPU
		{2524A100-8A81-4C84-A046-816E71126A2F}.Release|Any CPU.ActiveCfg = Release|Any CPU
		{2524A100-8A81-4C84-A046-816E71126A2F}.Release|Any CPU.Build.0 = Release|Any CPU
	EndGlobalSection
	GlobalSection(SolutionProperties) = preSolution
		HideSolutionNode = FALSE
	EndGlobalSection
	GlobalSection(ExtensibilityGlobals) = postSolution
		SolutionGuid = {A10640AE-6227-485A-836E-B252168E9644}
	EndGlobalSection
EndGlobal
